
Microsoft Visual Studio Solution File, Format Version 12.00
# Visual Studio Version 17
VisualStudioVersion = 17.0.31903.59
MinimumVisualStudioVersion = 10.0.40219.1
Project("{9A19103F-16F7-4668-BE54-9A1E7A4F7556}") = "TextEditor", "TextEditor.csproj", "{D3B1FDDD-5F8C-410F-B48E-C1F2884FFDD6}"
EndProject
Global
	GlobalSection(SolutionConfigurationPlatforms) = preSolution
		Debug|Any CPU = Debug|Any CPU
		Release|Any CPU = Release|Any CPU
	EndGlobalSection
	GlobalSection(ProjectConfigurationPlatforms) = postSolution
		{D3B1FDDD-5F8C-410F-B48E-C1F2884FFDD6}.Debug|Any CPU.ActiveCfg = Debug|Any CPU
		{D3B1FDDD-5F8C-410F-B48E-C1F2884FFDD6}.Debug|Any CPU.Build.0 = Debug|Any CPU
		{D3B1FDDD-5F8C-410F-B48E-C1F2884FFDD6}.Release|Any CPU.ActiveCfg = Release|Any CPU
		{D3B1FDDD-5F8C-410F-B48E-C1F2884FFDD6}.Release|Any CPU.Build.0 = Release|Any CPU
	EndGlobalSection
	GlobalSection(SolutionProperties) = preSolution
		HideSolutionNode = FALSE
	EndGlobalSection
	GlobalSection(ExtensibilityGlobals) = postSolution
		SolutionGuid = {0B4FB76D-54CA-473E-8248-CAFBA4BF2113}
	EndGlobalSection
EndGlobal
